{
    __meta__ = {
        version = "1.0"
    },
    ["windows|x64"] = {
        ["cmake#31fecfc4"] = {
            repo = {
                branch = "master",
                commit = "4de5838cdbe5a94a201481666da90b11e7bf7f52",
                url = "https://gitlab.com/tboox/xmake-repo.git"
            },
            version = "3.31.6-msvc6"
        },
        ["commonlib-shared 7c29a1e16b4ee5d5ee06f706590b28099b7a5a59#e62b2e1a"] = {
            repo = {
                commit = "47eca6ffcb79208b9f757df369b2ddad322aac16",
                url = "https://github.com/libxse/libxse-xrepo"
            },
            version = "7c29a1e16b4ee5d5ee06f706590b28099b7a5a59"
        },
        ["ninja#31fecfc4"] = {
            repo = {
                branch = "master",
                commit = "4de5838cdbe5a94a201481666da90b11e7bf7f52",
                url = "https://gitlab.com/tboox/xmake-repo.git"
            },
            version = "1.12.1"
        },
        ["simpleini#31fecfc4"] = {
            repo = {
                branch = "master",
                commit = "362d0d4a9a44301540cfc45baa92824c9eb62ced",
                url = "https://gitlab.com/tboox/xmake-repo.git"
            },
            version = "v4.22"
        },
        ["spdlog#9c36f0a9"] = {
            repo = {
                branch = "master",
                commit = "da016bf271a4a37cd9e89cf772b0d3d730767843",
                url = "https://gitlab.com/tboox/xmake-repo.git"
            },
            version = "v1.15.3"
        },
        ["xbyak#31fecfc4"] = {
            repo = {
                branch = "master",
                commit = "362d0d4a9a44301540cfc45baa92824c9eb62ced",
                url = "https://gitlab.com/tboox/xmake-repo.git"
            },
            version = "v7.06"
        }
    }
}