{
    __meta__ = {
        version = "1.0"
    },
    ["windows|x64"] = {
        ["cmake#31fecfc4"] = {
            repo = {
                branch = "master",
                commit = "da016bf271a4a37cd9e89cf772b0d3d730767843",
                url = "https://gitlab.com/tboox/xmake-repo.git"
            },
            version = "3.30.5"
        },
        ["rsm-mmio#31fecfc4"] = {
            repo = {
                branch = "master",
                commit = "47937ca8008eb8f7fb0655af6d1c5c9c4235f00b",
                url = "https://gitlab.com/tboox/xmake-repo.git"
            },
            version = "2.0.0"
        },
        ["spdlog#9c36f0a9"] = {
            repo = {
                branch = "master",
                commit = "da016bf271a4a37cd9e89cf772b0d3d730767843",
                url = "https://gitlab.com/tboox/xmake-repo.git"
            },
            version = "v1.15.2"
        }
    }
}